// !$*UTF8*$!
{
	archiveVersion = 1;
	classes = {
	};
	objectVersion = 46;
	objects = {

/* Begin PBXBuildFile section */
		B11F269B1ECFB70B00E52283 /* AppDelegate.swift in Sources */ = {isa = PBXBuildFile; fileRef = B11F269A1ECFB70B00E52283 /* AppDelegate.swift */; };
		B11F26A01ECFB70B00E52283 /* Main.storyboard in Resources */ = {isa = PBXBuildFile; fileRef = B11F269E1ECFB70B00E52283 /* Main.storyboard */; };
		B11F26A21ECFB70B00E52283 /* Assets.xcassets in Resources */ = {isa = PBXBuildFile; fileRef = B11F26A11ECFB70B00E52283 /* Assets.xcassets */; };
		B11F26A51ECFB70B00E52283 /* LaunchScreen.storyboard in Resources */ = {isa = PBXBuildFile; fileRef = B11F26A31ECFB70B00E52283 /* LaunchScreen.storyboard */; };
		B11F26B01ECFB70B00E52283 /* KryptoTests.swift in Sources */ = {isa = PBXBuildFile; fileRef = B11F26AF1ECFB70B00E52283 /* KryptoTests.swift */; };
		B11F26BB1ECFB70B00E52283 /* KryptoUITests.swift in Sources */ = {isa = PBXBuildFile; fileRef = B11F26BA1ECFB70B00E52283 /* KryptoUITests.swift */; };
		B178DEBF1ED0FED2002D824A /* KryptoBrain.swift in Sources */ = {isa = PBXBuildFile; fileRef = B178DEBE1ED0FED2002D824A /* KryptoBrain.swift */; };
		B1CF0EFD1ED8928D0088CBD5 /* ViewController.swift in Sources */ = {isa = PBXBuildFile; fileRef = B1CF0EFC1ED8928D0088CBD5 /* ViewController.swift */; };
/* End PBXBuildFile section */

/* Begin PBXContainerItemProxy section */
		B11F26AC1ECFB70B00E52283 /* PBXContainerItemProxy */ = {
			isa = PBXContainerItemProxy;
			containerPortal = B11F268F1ECFB70B00E52283 /* Project object */;
			proxyType = 1;
			remoteGlobalIDString = B11F26961ECFB70B00E52283;
			remoteInfo = Krypto;
		};
		B11F26B71ECFB70B00E52283 /* PBXContainerItemProxy */ = {
			isa = PBXContainerItemProxy;
			containerPortal = B11F268F1ECFB70B00E52283 /* Project object */;
			proxyType = 1;
			remoteGlobalIDString = B11F26961ECFB70B00E52283;
			remoteInfo = Krypto;
		};
/* End PBXContainerItemProxy section */

/* Begin PBXFileReference section */
		B11F26971ECFB70B00E52283 /* Krypto.app */ = {isa = PBXFileReference; explicitFileType = wrapper.application; includeInIndex = 0; path = Krypto.app; sourceTree = BUILT_PRODUCTS_DIR; };
		B11F269A1ECFB70B00E52283 /* AppDelegate.swift */ = {isa = PBXFileReference; lastKnownFileType = sourcecode.swift; path = AppDelegate.swift; sourceTree = "<group>"; };
		B11F269F1ECFB70B00E52283 /* Base */ = {isa = PBXFileReference; lastKnownFileType = file.storyboard; name = Base; path = Base.lproj/Main.storyboard; sourceTree = "<group>"; };
		B11F26A11ECFB70B00E52283 /* Assets.xcassets */ = {isa = PBXFileReference; lastKnownFileType = folder.assetcatalog; path = Assets.xcassets; sourceTree = "<group>"; };
		B11F26A41ECFB70B00E52283 /* Base */ = {isa = PBXFileReference; lastKnownFileType = file.storyboard; name = Base; path = Base.lproj/LaunchScreen.storyboard; sourceTree = "<group>"; };
		B11F26A61ECFB70B00E52283 /* Info.plist */ = {isa = PBXFileReference; lastKnownFileType = text.plist.xml; path = Info.plist; sourceTree = "<group>"; };
		B11F26AB1ECFB70B00E52283 /* KryptoTests.xctest */ = {isa = PBXFileReference; explicitFileType = wrapper.cfbundle; includeInIndex = 0; path = KryptoTests.xctest; sourceTree = BUILT_PRODUCTS_DIR; };
		B11F26AF1ECFB70B00E52283 /* KryptoTests.swift */ = {isa = PBXFileReference; lastKnownFileType = sourcecode.swift; path = KryptoTests.swift; sourceTree = "<group>"; };
		B11F26B11ECFB70B00E52283 /* Info.plist */ = {isa = PBXFileReference; lastKnownFileType = text.plist.xml; path = Info.plist; sourceTree = "<group>"; };
		B11F26B61ECFB70B00E52283 /* KryptoUITests.xctest */ = {isa = PBXFileReference; explicitFileType = wrapper.cfbundle; includeInIndex = 0; path = KryptoUITests.xctest; sourceTree = BUILT_PRODUCTS_DIR; };
		B11F26BA1ECFB70B00E52283 /* KryptoUITests.swift */ = {isa = PBXFileReference; lastKnownFileType = sourcecode.swift; path = KryptoUITests.swift; sourceTree = "<group>"; };
		B11F26BC1ECFB70B00E52283 /* Info.plist */ = {isa = PBXFileReference; lastKnownFileType = text.plist.xml; path = Info.plist; sourceTree = "<group>"; };
		B178DEBE1ED0FED2002D824A /* KryptoBrain.swift */ = {isa = PBXFileReference; fileEncoding = 4; lastKnownFileType = sourcecode.swift; path = KryptoBrain.swift; sourceTree = "<group>"; };
		B1CF0EFC1ED8928D0088CBD5 /* ViewController.swift */ = {isa = PBXFileReference; fileEncoding = 4; lastKnownFileType = sourcecode.swift; path = ViewController.swift; sourceTree = "<group>"; };
/* End PBXFileReference section */

/* Begin PBXFrameworksBuildPhase section */
		B11F26941ECFB70B00E52283 /* Frameworks */ = {
			isa = PBXFrameworksBuildPhase;
			buildActionMask = 2147483647;
			files = (
			);
			runOnlyForDeploymentPostprocessing = 0;
		};
		B11F26A81ECFB70B00E52283 /* Frameworks */ = {
			isa = PBXFrameworksBuildPhase;
			buildActionMask = 2147483647;
			files = (
			);
			runOnlyForDeploymentPostprocessing = 0;
		};
		B11F26B31ECFB70B00E52283 /* Frameworks */ = {
			isa = PBXFrameworksBuildPhase;
			buildActionMask = 2147483647;
			files = (
			);
			runOnlyForDeploymentPostprocessing = 0;
		};
/* End PBXFrameworksBuildPhase section */

/* Begin PBXGroup section */
		B11F268E1ECFB70B00E52283 = {
			isa = PBXGroup;
			children = (
				B11F26991ECFB70B00E52283 /* Krypto */,
				B11F26AE1ECFB70B00E52283 /* KryptoTests */,
				B11F26B91ECFB70B00E52283 /* KryptoUITests */,
				B11F26981ECFB70B00E52283 /* Products */,
			);
			sourceTree = "<group>";
		};
		B11F26981ECFB70B00E52283 /* Products */ = {
			isa = PBXGroup;
			children = (
				B11F26971ECFB70B00E52283 /* Krypto.app */,
				B11F26AB1ECFB70B00E52283 /* KryptoTests.xctest */,
				B11F26B61ECFB70B00E52283 /* KryptoUITests.xctest */,
			);
			name = Products;
			sourceTree = "<group>";
		};
		B11F26991ECFB70B00E52283 /* Krypto */ = {
			isa = PBXGroup;
			children = (
				B11F269A1ECFB70B00E52283 /* AppDelegate.swift */,
				B1CF0EFC1ED8928D0088CBD5 /* ViewController.swift */,
				B178DEBE1ED0FED2002D824A /* KryptoBrain.swift */,
				B11F269E1ECFB70B00E52283 /* Main.storyboard */,
				B11F26A11ECFB70B00E52283 /* Assets.xcassets */,
				B11F26A31ECFB70B00E52283 /* LaunchScreen.storyboard */,
				B11F26A61ECFB70B00E52283 /* Info.plist */,
			);
			path = Krypto;
			sourceTree = "<group>";
		};
		B11F26AE1ECFB70B00E52283 /* KryptoTests */ = {
			isa = PBXGroup;
			children = (
				B11F26AF1ECFB70B00E52283 /* KryptoTests.swift */,
				B11F26B11ECFB70B00E52283 /* Info.plist */,
			);
			path = KryptoTests;
			sourceTree = "<group>";
		};
		B11F26B91ECFB70B00E52283 /* KryptoUITests */ = {
			isa = PBXGroup;
			children = (
				B11F26BA1ECFB70B00E52283 /* KryptoUITests.swift */,
				B11F26BC1ECFB70B00E52283 /* Info.plist */,
			);
			path = KryptoUITests;
			sourceTree = "<group>";
		};
/* End PBXGroup section */

/* Begin PBXNativeTarget section */
		B11F26961ECFB70B00E52283 /* Krypto */ = {
			isa = PBXNativeTarget;
			buildConfigurationList = B11F26BF1ECFB70B00E52283 /* Build configuration list for PBXNativeTarget "Krypto" */;
			buildPhases = (
				B11F26931ECFB70B00E52283 /* Sources */,
				B11F26941ECFB70B00E52283 /* Frameworks */,
				B11F26951ECFB70B00E52283 /* Resources */,
			);
			buildRules = (
			);
			dependencies = (
			);
			name = Krypto;
			productName = Krypto;
			productReference = B11F26971ECFB70B00E52283 /* Krypto.app */;
			productType = "com.apple.product-type.application";
		};
		B11F26AA1ECFB70B00E52283 /* KryptoTests */ = {
			isa = PBXNativeTarget;
			buildConfigurationList = B11F26C21ECFB70B00E52283 /* Build configuration list for PBXNativeTarget "KryptoTests" */;
			buildPhases = (
				B11F26A71ECFB70B00E52283 /* Sources */,
				B11F26A81ECFB70B00E52283 /* Frameworks */,
				B11F26A91ECFB70B00E52283 /* Resources */,
			);
			buildRules = (
			);
			dependencies = (
				B11F26AD1ECFB70B00E52283 /* PBXTargetDependency */,
			);
			name = KryptoTests;
			productName = KryptoTests;
			productReference = B11F26AB1ECFB70B00E52283 /* KryptoTests.xctest */;
			productType = "com.apple.product-type.bundle.unit-test";
		};
		B11F26B51ECFB70B00E52283 /* KryptoUITests */ = {
			isa = PBXNativeTarget;
			buildConfigurationList = B11F26C51ECFB70B00E52283 /* Build configuration list for PBXNativeTarget "KryptoUITests" */;
			buildPhases = (
				B11F26B21ECFB70B00E52283 /* Sources */,
				B11F26B31ECFB70B00E52283 /* Frameworks */,
				B11F26B41ECFB70B00E52283 /* Resources */,
			);
			buildRules = (
			);
			dependencies = (
				B11F26B81ECFB70B00E52283 /* PBXTargetDependency */,
			);
			name = KryptoUITests;
			productName = KryptoUITests;
			productReference = B11F26B61ECFB70B00E52283 /* KryptoUITests.xctest */;
			productType = "com.apple.product-type.bundle.ui-testing";
		};
/* End PBXNativeTarget section */

/* Begin PBXProject section */
		B11F268F1ECFB70B00E52283 /* Project object */ = {
			isa = PBXProject;
			attributes = {
				LastSwiftUpdateCheck = 0820;
				LastUpgradeCheck = 0820;
				ORGANIZATIONNAME = "Simran Singh";
				TargetAttributes = {
					B11F26961ECFB70B00E52283 = {
						CreatedOnToolsVersion = 8.2.1;
						ProvisioningStyle = Automatic;
					};
					B11F26AA1ECFB70B00E52283 = {
						CreatedOnToolsVersion = 8.2.1;
						ProvisioningStyle = Automatic;
						TestTargetID = B11F26961ECFB70B00E52283;
					};
					B11F26B51ECFB70B00E52283 = {
						CreatedOnToolsVersion = 8.2.1;
						ProvisioningStyle = Automatic;
						TestTargetID = B11F26961ECFB70B00E52283;
					};
				};
			};
			buildConfigurationList = B11F26921ECFB70B00E52283 /* Build configuration list for PBXProject "Krypto" */;
			compatibilityVersion = "Xcode 3.2";
			developmentRegion = English;
			hasScannedForEncodings = 0;
			knownRegions = (
				en,
				Base,
			);
			mainGroup = B11F268E1ECFB70B00E52283;
			productRefGroup = B11F26981ECFB70B00E52283 /* Products */;
			projectDirPath = "";
			projectRoot = "";
			targets = (
				B11F26961ECFB70B00E52283 /* Krypto */,
				B11F26AA1ECFB70B00E52283 /* KryptoTests */,
				B11F26B51ECFB70B00E52283 /* KryptoUITests */,
			);
		};
/* End PBXProject section */

/* Begin PBXResourcesBuildPhase section */
		B11F26951ECFB70B00E52283 /* Resources */ = {
			isa = PBXResourcesBuildPhase;
			buildActionMask = 2147483647;
			files = (
				B11F26A51ECFB70B00E52283 /* LaunchScreen.storyboard in Resources */,
				B11F26A21ECFB70B00E52283 /* Assets.xcassets in Resources */,
				B11F26A01ECFB70B00E52283 /* Main.storyboard in Resources */,
			);
			runOnlyForDeploymentPostprocessing = 0;
		};
		B11F26A91ECFB70B00E52283 /* Resources */ = {
			isa = PBXResourcesBuildPhase;
			buildActionMask = 2147483647;
			files = (
			);
			runOnlyForDeploymentPostprocessing = 0;
		};
		B11F26B41ECFB70B00E52283 /* Resources */ = {
			isa = PBXResourcesBuildPhase;
			buildActionMask = 2147483647;
			files = (
			);
			runOnlyForDeploymentPostprocessing = 0;
		};
/* End PBXResourcesBuildPhase section */

/* Begin PBXSourcesBuildPhase section */
		B11F26931ECFB70B00E52283 /* Sources */ = {
			isa = PBXSourcesBuildPhase;
			buildActionMask = 2147483647;
			files = (
				B1CF0EFD1ED8928D0088CBD5 /* ViewController.swift in Sources */,
				B178DEBF1ED0FED2002D824A /* KryptoBrain.swift in Sources */,
				B11F269B1ECFB70B00E52283 /* AppDelegate.swift in Sources */,
			);
			runOnlyForDeploymentPostprocessing = 0;
		};
		B11F26A71ECFB70B00E52283 /* Sources */ = {
			isa = PBXSourcesBuildPhase;
			buildActionMask = 2147483647;
			files = (
				B11F26B01ECFB70B00E52283 /* KryptoTests.swift in Sources */,
			);
			runOnlyForDeploymentPostprocessing = 0;
		};
		B11F26B21ECFB70B00E52283 /* Sources */ = {
			isa = PBXSourcesBuildPhase;
			buildActionMask = 2147483647;
			files = (
				B11F26BB1ECFB70B00E52283 /* KryptoUITests.swift in Sources */,
			);
			runOnlyForDeploymentPostprocessing = 0;
		};
/* End PBXSourcesBuildPhase section */

/* Begin PBXTargetDependency section */
		B11F26AD1ECFB70B00E52283 /* PBXTargetDependency */ = {
			isa = PBXTargetDependency;
			target = B11F26961ECFB70B00E52283 /* Krypto */;
			targetProxy = B11F26AC1ECFB70B00E52283 /* PBXContainerItemProxy */;
		};
		B11F26B81ECFB70B00E52283 /* PBXTargetDependency */ = {
			isa = PBXTargetDependency;
			target = B11F26961ECFB70B00E52283 /* Krypto */;
			targetProxy = B11F26B71ECFB70B00E52283 /* PBXContainerItemProxy */;
		};
/* End PBXTargetDependency section */

/* Begin PBXVariantGroup section */
		B11F269E1ECFB70B00E52283 /* Main.storyboard */ = {
			isa = PBXVariantGroup;
			children = (
				B11F269F1ECFB70B00E52283 /* Base */,
			);
			name = Main.storyboard;
			sourceTree = "<group>";
		};
		B11F26A31ECFB70B00E52283 /* LaunchScreen.storyboard */ = {
			isa = PBXVariantGroup;
			children = (
				B11F26A41ECFB70B00E52283 /* Base */,
			);
			name = LaunchScreen.storyboard;
			sourceTree = "<group>";
		};
/* End PBXVariantGroup section */

/* Begin XCBuildConfiguration section */
		B11F26BD1ECFB70B00E52283 /* Debug */ = {
			isa = XCBuildConfiguration;
			buildSettings = {
				ALWAYS_SEARCH_USER_PATHS = NO;
				CLANG_ANALYZER_NONNULL = YES;
				CLANG_CXX_LANGUAGE_STANDARD = "gnu++0x";
				CLANG_CXX_LIBRARY = "libc++";
				CLANG_ENABLE_MODULES = YES;
				CLANG_ENABLE_OBJC_ARC = YES;
				CLANG_WARN_BOOL_CONVERSION = YES;
				CLANG_WARN_CONSTANT_CONVERSION = YES;
				CLANG_WARN_DIRECT_OBJC_ISA_USAGE = YES_ERROR;
				CLANG_WARN_DOCUMENTATION_COMMENTS = YES;
				CLANG_WARN_EMPTY_BODY = YES;
				CLANG_WARN_ENUM_CONVERSION = YES;
				CLANG_WARN_INFINITE_RECURSION = YES;
				CLANG_WARN_INT_CONVERSION = YES;
				CLANG_WARN_OBJC_ROOT_CLASS = YES_ERROR;
				CLANG_WARN_SUSPICIOUS_MOVE = YES;
				CLANG_WARN_UNREACHABLE_CODE = YES;
				CLANG_WARN__DUPLICATE_METHOD_MATCH = YES;
				"CODE_SIGN_IDENTITY[sdk=iphoneos*]" = "iPhone Developer";
				COPY_PHASE_STRIP = NO;
				DEBUG_INFORMATION_FORMAT = dwarf;
				ENABLE_STRICT_OBJC_MSGSEND = YES;
				ENABLE_TESTABILITY = YES;
				GCC_C_LANGUAGE_STANDARD = gnu99;
				GCC_DYNAMIC_NO_PIC = NO;
				GCC_NO_COMMON_BLOCKS = YES;
				GCC_OPTIMIZATION_LEVEL = 0;
				GCC_PREPROCESSOR_DEFINITIONS = (
					"DEBUG=1",
					"$(inherited)",
				);
				GCC_WARN_64_TO_32_BIT_CONVERSION = YES;
				GCC_WARN_ABOUT_RETURN_TYPE = YES_ERROR;
				GCC_WARN_UNDECLARED_SELECTOR = YES;
				GCC_WARN_UNINITIALIZED_AUTOS = YES_AGGRESSIVE;
				GCC_WARN_UNUSED_FUNCTION = YES;
				GCC_WARN_UNUSED_VARIABLE = YES;
				IPHONEOS_DEPLOYMENT_TARGET = 10.2;
				MTL_ENABLE_DEBUG_INFO = YES;
				ONLY_ACTIVE_ARCH = YES;
				SDKROOT = iphoneos;
				SWIFT_ACTIVE_COMPILATION_CONDITIONS = DEBUG;
				SWIFT_OPTIMIZATION_LEVEL = "-Onone";
				TARGETED_DEVICE_FAMILY = "1,2";
			};
			name = Debug;
		};
		B11F26BE1ECFB70B00E52283 /* Release */ = {
			isa = XCBuildConfiguration;
			buildSettings = {
				ALWAYS_SEARCH_USER_PATHS = NO;
				CLANG_ANALYZER_NONNULL = YES;
				CLANG_CXX_LANGUAGE_STANDARD = "gnu++0x";
				CLANG_CXX_LIBRARY = "libc++";
				CLANG_ENABLE_MODULES = YES;
				CLANG_ENABLE_OBJC_ARC = YES;
				CLANG_WARN_BOOL_CONVERSION = YES;
				CLANG_WARN_CONSTANT_CONVERSION = YES;
				CLANG_WARN_DIRECT_OBJC_ISA_USAGE = YES_ERROR;
				CLANG_WARN_DOCUMENTATION_COMMENTS = YES;
				CLANG_WARN_EMPTY_BODY = YES;
				CLANG_WARN_ENUM_CONVERSION = YES;
				CLANG_WARN_INFINITE_RECURSION = YES;
				CLANG_WARN_INT_CONVERSION = YES;
				CLANG_WARN_OBJC_ROOT_CLASS = YES_ERROR;
				CLANG_WARN_SUSPICIOUS_MOVE = YES;
				CLANG_WARN_UNREACHABLE_CODE = YES;
				CLANG_WARN__DUPLICATE_METHOD_MATCH = YES;
				"CODE_SIGN_IDENTITY[sdk=iphoneos*]" = "iPhone Developer";
				COPY_PHASE_STRIP = NO;
				DEBUG_INFORMATION_FORMAT = "dwarf-with-dsym";
				ENABLE_NS_ASSERTIONS = NO;
				ENABLE_STRICT_OBJC_MSGSEND = YES;
				GCC_C_LANGUAGE_STANDARD = gnu99;
				GCC_NO_COMMON_BLOCKS = YES;
				GCC_WARN_64_TO_32_BIT_CONVERSION = YES;
				GCC_WARN_ABOUT_RETURN_TYPE = YES_ERROR;
				GCC_WARN_UNDECLARED_SELECTOR = YES;
				GCC_WARN_UNINITIALIZED_AUTOS = YES_AGGRESSIVE;
				GCC_WARN_UNUSED_FUNCTION = YES;
				GCC_WARN_UNUSED_VARIABLE = YES;
				IPHONEOS_DEPLOYMENT_TARGET = 10.2;
				MTL_ENABLE_DEBUG_INFO = NO;
				SDKROOT = iphoneos;
				SWIFT_OPTIMIZATION_LEVEL = "-Owholemodule";
				TARGETED_DEVICE_FAMILY = "1,2";
				VALIDATE_PRODUCT = YES;
			};
			name = Release;
		};
		B11F26C01ECFB70B00E52283 /* Debug */ = {
			isa = XCBuildConfiguration;
			buildSettings = {
				ASSETCATALOG_COMPILER_APPICON_NAME = AppIcon;
				INFOPLIST_FILE = Krypto/Info.plist;
				LD_RUNPATH_SEARCH_PATHS = "$(inherited) @executable_path/Frameworks";
				PRODUCT_BUNDLE_IDENTIFIER = simran.singh.Krypto;
				PRODUCT_NAME = "$(TARGET_NAME)";
				SWIFT_VERSION = 3.0;
			};
			name = Debug;
		};
		B11F26C11ECFB70B00E52283 /* Release */ = {
			isa = XCBuildConfiguration;
			buildSettings = {
				ASSETCATALOG_COMPILER_APPICON_NAME = AppIcon;
				INFOPLIST_FILE = Krypto/Info.plist;
				LD_RUNPATH_SEARCH_PATHS = "$(inherited) @executable_path/Frameworks";
				PRODUCT_BUNDLE_IDENTIFIER = simran.singh.Krypto;
				PRODUCT_NAME = "$(TARGET_NAME)";
				SWIFT_VERSION = 3.0;
			};
			name = Release;
		};
		B11F26C31ECFB70B00E52283 /* Debug */ = {
			isa = XCBuildConfiguration;
			buildSettings = {
				ALWAYS_EMBED_SWIFT_STANDARD_LIBRARIES = YES;
				BUNDLE_LOADER = "$(TEST_HOST)";
				INFOPLIST_FILE = KryptoTests/Info.plist;
				LD_RUNPATH_SEARCH_PATHS = "$(inherited) @executable_path/Frameworks @loader_path/Frameworks";
				PRODUCT_BUNDLE_IDENTIFIER = simran.singh.KryptoTests;
				PRODUCT_NAME = "$(TARGET_NAME)";
				SWIFT_VERSION = 3.0;
				TEST_HOST = "$(BUILT_PRODUCTS_DIR)/Krypto.app/Krypto";
			};
			name = Debug;
		};
		B11F26C41ECFB70B00E52283 /* Release */ = {
			isa = XCBuildConfiguration;
			buildSettings = {
				ALWAYS_EMBED_SWIFT_STANDARD_LIBRARIES = YES;
				BUNDLE_LOADER = "$(TEST_HOST)";
				INFOPLIST_FILE = KryptoTests/Info.plist;
				LD_RUNPATH_SEARCH_PATHS = "$(inherited) @executable_path/Frameworks @loader_path/Frameworks";
				PRODUCT_BUNDLE_IDENTIFIER = simran.singh.KryptoTests;
				PRODUCT_NAME = "$(TARGET_NAME)";
				SWIFT_VERSION = 3.0;
				TEST_HOST = "$(BUILT_PRODUCTS_DIR)/Krypto.app/Krypto";
			};
			name = Release;
		};
		B11F26C61ECFB70B00E52283 /* Debug */ = {
			isa = XCBuildConfiguration;
			buildSettings = {
				ALWAYS_EMBED_SWIFT_STANDARD_LIBRARIES = YES;
				INFOPLIST_FILE = KryptoUITests/Info.plist;
				LD_RUNPATH_SEARCH_PATHS = "$(inherited) @executable_path/Frameworks @loader_path/Frameworks";
				PRODUCT_BUNDLE_IDENTIFIER = simran.singh.KryptoUITests;
				PRODUCT_NAME = "$(TARGET_NAME)";
				SWIFT_VERSION = 3.0;
				TEST_TARGET_NAME = Krypto;
			};
			name = Debug;
		};
		B11F26C71ECFB70B00E52283 /* Release */ = {
			isa = XCBuildConfiguration;
			buildSettings = {
				ALWAYS_EMBED_SWIFT_STANDARD_LIBRARIES = YES;
				INFOPLIST_FILE = KryptoUITests/Info.plist;
				LD_RUNPATH_SEARCH_PATHS = "$(inherited) @executable_path/Frameworks @loader_path/Frameworks";
				PRODUCT_BUNDLE_IDENTIFIER = simran.singh.KryptoUITests;
				PRODUCT_NAME = "$(TARGET_NAME)";
				SWIFT_VERSION = 3.0;
				TEST_TARGET_NAME = Krypto;
			};
			name = Release;
		};
/* End XCBuildConfiguration section */

/* Begin XCConfigurationList section */
		B11F26921ECFB70B00E52283 /* Build configuration list for PBXProject "Krypto" */ = {
			isa = XCConfigurationList;
			buildConfigurations = (
				B11F26BD1ECFB70B00E52283 /* Debug */,
				B11F26BE1ECFB70B00E52283 /* Release */,
			);
			defaultConfigurationIsVisible = 0;
			defaultConfigurationName = Release;
		};
		B11F26BF1ECFB70B00E52283 /* Build configuration list for PBXNativeTarget "Krypto" */ = {
			isa = XCConfigurationList;
			buildConfigurations = (
				B11F26C01ECFB70B00E52283 /* Debug */,
				B11F26C11ECFB70B00E52283 /* Release */,
			);
			defaultConfigurationIsVisible = 0;
			defaultConfigurationName = Release;
		};
		B11F26C21ECFB70B00E52283 /* Build configuration list for PBXNativeTarget "KryptoTests" */ = {
			isa = XCConfigurationList;
			buildConfigurations = (
				B11F26C31ECFB70B00E52283 /* Debug */,
				B11F26C41ECFB70B00E52283 /* Release */,
			);
			defaultConfigurationIsVisible = 0;
			defaultConfigurationName = Release;
		};
		B11F26C51ECFB70B00E52283 /* Build configuration list for PBXNativeTarget "KryptoUITests" */ = {
			isa = XCConfigurationList;
			buildConfigurations = (
				B11F26C61ECFB70B00E52283 /* Debug */,
				B11F26C71ECFB70B00E52283 /* Release */,
			);
			defaultConfigurationIsVisible = 0;
			defaultConfigurationName = Release;
		};
/* End XCConfigurationList section */
	};
	rootObject = B11F268F1ECFB70B00E52283 /* Project object */;
}
